
Microsoft Visual Studio Solution File, Format Version 12.00
# Visual Studio Version 17
VisualStudioVersion = 17.8.34525.116
MinimumVisualStudioVersion = 10.0.40219.1
Project("{FAE04EC0-301F-11D3-BF4B-00C04F79EFBC}") = "GlamGaideDBWebApplication", "GlamGaideDBWebApplication\GlamGaideDBWebApplication.csproj", "{206C49A7-2F5A-4902-8D59-EC598C3F19B6}"
EndProject
Global
	GlobalSection(SolutionConfigurationPlatforms) = preSolution
		Debug|Any CPU = Debug|Any CPU
		Release|Any CPU = Release|Any CPU
	EndGlobalSection
	GlobalSection(ProjectConfigurationPlatforms) = postSolution
		{206C49A7-2F5A-4902-8D59-EC598C3F19B6}.Debug|Any CPU.ActiveCfg = Debug|Any CPU
		{206C49A7-2F5A-4902-8D59-EC598C3F19B6}.Debug|Any CPU.Build.0 = Debug|Any CPU
		{206C49A7-2F5A-4902-8D59-EC598C3F19B6}.Release|Any CPU.ActiveCfg = Release|Any CPU
		{206C49A7-2F5A-4902-8D59-EC598C3F19B6}.Release|Any CPU.Build.0 = Release|Any CPU
	EndGlobalSection
	GlobalSection(SolutionProperties) = preSolution
		HideSolutionNode = FALSE
	EndGlobalSection
	GlobalSection(ExtensibilityGlobals) = postSolution
		SolutionGuid = {A29D1FF5-F1BA-4E8F-82BB-EF93AACC82A4}
	EndGlobalSection
EndGlobal
